// !$*UTF8*$!
{
	archiveVersion = 1;
	classes = {
	};
	objectVersion = 46;
	objects = {

/* Begin PBXBuildFile section */
		2404BE1D1DBA33DF00D57AF4 /* User.swift in Sources */ = {isa = PBXBuildFile; fileRef = 2404BE1C1DBA33DF00D57AF4 /* User.swift */; };
		241D92C81DBF75600012F66A /* UIImageView+.swift in Sources */ = {isa = PBXBuildFile; fileRef = 241D92C71DBF75600012F66A /* UIImageView+.swift */; };
		242FC08A1DA64D8D008B23AB /* Bolts.framework in Frameworks */ = {isa = PBXBuildFile; fileRef = 242FC0871DA64D8D008B23AB /* Bolts.framework */; };
		242FC08B1DA64D8D008B23AB /* FacebookCore.framework in Frameworks */ = {isa = PBXBuildFile; fileRef = 242FC0881DA64D8D008B23AB /* FacebookCore.framework */; };
		242FC08C1DA64D8D008B23AB /* FacebookLogin.framework in Frameworks */ = {isa = PBXBuildFile; fileRef = 242FC0891DA64D8D008B23AB /* FacebookLogin.framework */; };
		242FC08E1DA64F8E008B23AB /* FBSDKCoreKit.framework in Frameworks */ = {isa = PBXBuildFile; fileRef = 242FC08D1DA64F8E008B23AB /* FBSDKCoreKit.framework */; settings = {ATTRIBUTES = (Weak, ); }; };
		242FC0911DA65071008B23AB /* FBSDKLoginKit.framework in Frameworks */ = {isa = PBXBuildFile; fileRef = 242FC0901DA65071008B23AB /* FBSDKLoginKit.framework */; };
		242FC0951DA65337008B23AB /* .keep in Resources */ = {isa = PBXBuildFile; fileRef = 242FC0941DA65337008B23AB /* .keep */; };
		242FC0971DA66698008B23AB /* SnapKit.framework in Frameworks */ = {isa = PBXBuildFile; fileRef = 242FC0961DA66698008B23AB /* SnapKit.framework */; };
		242FC0991DA7CA8F008B23AB /* UniqueNameRegistrationViewController.swift in Sources */ = {isa = PBXBuildFile; fileRef = 242FC0981DA7CA8F008B23AB /* UniqueNameRegistrationViewController.swift */; };
		246BD52D1DBE2F630033C92A /* PostCollectionViewCell.swift in Sources */ = {isa = PBXBuildFile; fileRef = 246BD52C1DBE2F630033C92A /* PostCollectionViewCell.swift */; };
		246BD52F1DBE33CB0033C92A /* UICollectionView+.swift in Sources */ = {isa = PBXBuildFile; fileRef = 246BD52E1DBE33CB0033C92A /* UICollectionView+.swift */; };
		2472C7461DBCAEE700094B28 /* Realm+.swift in Sources */ = {isa = PBXBuildFile; fileRef = 2472C7451DBCAEE700094B28 /* Realm+.swift */; };
		2472C74A1DBCB8FF00094B28 /* RealmHelper.swift in Sources */ = {isa = PBXBuildFile; fileRef = 2472C7491DBCB8FF00094B28 /* RealmHelper.swift */; };
		2472C74C1DBCBB8500094B28 /* SessionSaver.swift in Sources */ = {isa = PBXBuildFile; fileRef = 2472C74B1DBCBB8500094B28 /* SessionSaver.swift */; };
		2472C74F1DBCC3D500094B28 /* UserViewController.swift in Sources */ = {isa = PBXBuildFile; fileRef = 2472C74E1DBCC3D500094B28 /* UserViewController.swift */; };
		2472C7511DBCD5D100094B28 /* StoryBoardInstantiatable.swift in Sources */ = {isa = PBXBuildFile; fileRef = 2472C7501DBCD5D100094B28 /* StoryBoardInstantiatable.swift */; };
		24814CD31DBA1DD1006A9840 /* PagingMenuController.framework in Frameworks */ = {isa = PBXBuildFile; fileRef = 24814CD21DBA1DD1006A9840 /* PagingMenuController.framework */; };
		2491A87D1DA10DA500C552EB /* AppDelegate.swift in Sources */ = {isa = PBXBuildFile; fileRef = 2491A87C1DA10DA500C552EB /* AppDelegate.swift */; };
		2491A8821DA10DA500C552EB /* Login.storyboard in Resources */ = {isa = PBXBuildFile; fileRef = 2491A8801DA10DA500C552EB /* Login.storyboard */; };
		2491A8841DA10DA500C552EB /* Assets.xcassets in Resources */ = {isa = PBXBuildFile; fileRef = 2491A8831DA10DA500C552EB /* Assets.xcassets */; };
		2491A8871DA10DA500C552EB /* LaunchScreen.storyboard in Resources */ = {isa = PBXBuildFile; fileRef = 2491A8851DA10DA500C552EB /* LaunchScreen.storyboard */; };
		24C97B251DB103C5001488A2 /* FSAlbumView.xib in Resources */ = {isa = PBXBuildFile; fileRef = 24C97B241DB103C5001488A2 /* FSAlbumView.xib */; };
		24C97B271DB103CE001488A2 /* FSAlbumView.swift in Sources */ = {isa = PBXBuildFile; fileRef = 24C97B261DB103CE001488A2 /* FSAlbumView.swift */; };
		24C97B301DB103E2001488A2 /* FSAlbumViewCell.swift in Sources */ = {isa = PBXBuildFile; fileRef = 24C97B281DB103E2001488A2 /* FSAlbumViewCell.swift */; };
		24C97B311DB103E2001488A2 /* FSAlbumViewCell.xib in Resources */ = {isa = PBXBuildFile; fileRef = 24C97B291DB103E2001488A2 /* FSAlbumViewCell.xib */; };
		24C97B321DB103E2001488A2 /* FSCameraView.swift in Sources */ = {isa = PBXBuildFile; fileRef = 24C97B2A1DB103E2001488A2 /* FSCameraView.swift */; };
		24C97B331DB103E2001488A2 /* FSCameraView.xib in Resources */ = {isa = PBXBuildFile; fileRef = 24C97B2B1DB103E2001488A2 /* FSCameraView.xib */; };
		24C97B341DB103E2001488A2 /* FSConstants.swift in Sources */ = {isa = PBXBuildFile; fileRef = 24C97B2C1DB103E2001488A2 /* FSConstants.swift */; };
		24C97B351DB103E2001488A2 /* FSImageCropView.swift in Sources */ = {isa = PBXBuildFile; fileRef = 24C97B2D1DB103E2001488A2 /* FSImageCropView.swift */; };
		24C97B361DB103E2001488A2 /* FSVideoCameraView.swift in Sources */ = {isa = PBXBuildFile; fileRef = 24C97B2E1DB103E2001488A2 /* FSVideoCameraView.swift */; };
		24C97B371DB103E2001488A2 /* FSVideoCameraView.xib in Resources */ = {isa = PBXBuildFile; fileRef = 24C97B2F1DB103E2001488A2 /* FSVideoCameraView.xib */; };
		24C97B3C1DB10499001488A2 /* FusumaViewController.swift in Sources */ = {isa = PBXBuildFile; fileRef = 24C97B3A1DB10499001488A2 /* FusumaViewController.swift */; };
		24C97B3D1DB1049A001488A2 /* FusumaViewController.xib in Resources */ = {isa = PBXBuildFile; fileRef = 24C97B3B1DB10499001488A2 /* FusumaViewController.xib */; };
		24C97B401DB4E0F8001488A2 /* CustomFusumaViewController.swift in Sources */ = {isa = PBXBuildFile; fileRef = 24C97B3F1DB4E0F8001488A2 /* CustomFusumaViewController.swift */; };
		24C97B421DB64DFD001488A2 /* PostTableViewCell.swift in Sources */ = {isa = PBXBuildFile; fileRef = 24C97B411DB64DFD001488A2 /* PostTableViewCell.swift */; };
		24C97B441DB64FAA001488A2 /* Post.swift in Sources */ = {isa = PBXBuildFile; fileRef = 24C97B431DB64FAA001488A2 /* Post.swift */; };
		24C97B461DB659DC001488A2 /* Kingfisher.framework in Frameworks */ = {isa = PBXBuildFile; fileRef = 24C97B451DB659DC001488A2 /* Kingfisher.framework */; };
		24C97B481DB90044001488A2 /* ExploreViewController.swift in Sources */ = {isa = PBXBuildFile; fileRef = 24C97B471DB90044001488A2 /* ExploreViewController.swift */; };
		24C97B4A1DB90057001488A2 /* SearchViewController.swift in Sources */ = {isa = PBXBuildFile; fileRef = 24C97B491DB90057001488A2 /* SearchViewController.swift */; };
		24C97B4F1DB90555001488A2 /* SeachResultTableViewController.swift in Sources */ = {isa = PBXBuildFile; fileRef = 24C97B4D1DB90555001488A2 /* SeachResultTableViewController.swift */; };
		24C97B541DB9067A001488A2 /* SearchResultTableViewCell.swift in Sources */ = {isa = PBXBuildFile; fileRef = 24C97B521DB9067A001488A2 /* SearchResultTableViewCell.swift */; };
		24C97B551DB9067A001488A2 /* SearchResultTableViewCell.xib in Resources */ = {isa = PBXBuildFile; fileRef = 24C97B531DB9067A001488A2 /* SearchResultTableViewCell.xib */; };
		24E26B931DA9EA5800AFA159 /* Constant.swift in Sources */ = {isa = PBXBuildFile; fileRef = 24E26B921DA9EA5800AFA159 /* Constant.swift */; };
		24E26B951DAA0D6A00AFA159 /* Main.storyboard in Resources */ = {isa = PBXBuildFile; fileRef = 24E26B941DAA0D6A00AFA159 /* Main.storyboard */; };
		24E26B981DAA1C6100AFA159 /* FacebookLoginable.swift in Sources */ = {isa = PBXBuildFile; fileRef = 24E26B971DAA1C6100AFA159 /* FacebookLoginable.swift */; };
		24E26B9A1DAA9B7000AFA159 /* SettingsTableViewController.swift in Sources */ = {isa = PBXBuildFile; fileRef = 24E26B991DAA9B7000AFA159 /* SettingsTableViewController.swift */; };
		24E26B9C1DAFAB2400AFA159 /* NewPhotoViewController.swift in Sources */ = {isa = PBXBuildFile; fileRef = 24E26B9B1DAFAB2400AFA159 /* NewPhotoViewController.swift */; };
		24E26BA11DB0E9E500AFA159 /* NewPostDetailViewController.swift in Sources */ = {isa = PBXBuildFile; fileRef = 24E26B9F1DB0E9E500AFA159 /* NewPostDetailViewController.swift */; };
		24E26BA21DB0E9E500AFA159 /* NewPostDetailViewController.xib in Resources */ = {isa = PBXBuildFile; fileRef = 24E26BA01DB0E9E500AFA159 /* NewPostDetailViewController.xib */; };
		24E26BA51DB0F25800AFA159 /* NSObject+.swift in Sources */ = {isa = PBXBuildFile; fileRef = 24E26BA41DB0F25800AFA159 /* NSObject+.swift */; };
		24E26BA71DB0F43300AFA159 /* NibInstantiatable.swift in Sources */ = {isa = PBXBuildFile; fileRef = 24E26BA61DB0F43300AFA159 /* NibInstantiatable.swift */; };
		FC0966751DA272D400433A4C /* .keep in Resources */ = {isa = PBXBuildFile; fileRef = FC0966741DA272D400433A4C /* .keep */; };
		FC09667C1DA2751800433A4C /* .keep in Resources */ = {isa = PBXBuildFile; fileRef = FC09667B1DA2751800433A4C /* .keep */; };
		FC09667E1DA2754F00433A4C /* .keep in Resources */ = {isa = PBXBuildFile; fileRef = FC09667D1DA2754F00433A4C /* .keep */; };
		FC0966801DA27B2D00433A4C /* LoginViewController.swift in Sources */ = {isa = PBXBuildFile; fileRef = FC09667F1DA27B2D00433A4C /* LoginViewController.swift */; };
		FC0D23E71DC6301400BE360A /* CommentTableViewController.swift in Sources */ = {isa = PBXBuildFile; fileRef = FC0D23E61DC6301400BE360A /* CommentTableViewController.swift */; };
		FC2C04121DBA1FF700359E79 /* PlaceHolderTextView.swift in Sources */ = {isa = PBXBuildFile; fileRef = FC2C04111DBA1FF700359E79 /* PlaceHolderTextView.swift */; };
		FC35821A1DAA1E6900F7983E /* Regexp.swift in Sources */ = {isa = PBXBuildFile; fileRef = FC3582191DAA1E6900F7983E /* Regexp.swift */; };
		FC35821C1DAA246E00F7983E /* RegistrationViewModel.swift in Sources */ = {isa = PBXBuildFile; fileRef = FC35821B1DAA246E00F7983E /* RegistrationViewModel.swift */; };
		FC35821E1DAA358B00F7983E /* RxSwift.framework in Frameworks */ = {isa = PBXBuildFile; fileRef = FC35821D1DAA358B00F7983E /* RxSwift.framework */; };
		FC3582201DAA368800F7983E /* RxCocoa.framework in Frameworks */ = {isa = PBXBuildFile; fileRef = FC35821F1DAA368800F7983E /* RxCocoa.framework */; };
		FC3582221DAB82F200F7983E /* LoginViewModel.swift in Sources */ = {isa = PBXBuildFile; fileRef = FC3582211DAB82F200F7983E /* LoginViewModel.swift */; };
		FC442D1C1DB35F0900A1D17A /* HomeTableViewController.swift in Sources */ = {isa = PBXBuildFile; fileRef = FC442D1B1DB35F0900A1D17A /* HomeTableViewController.swift */; };
		FC442D1F1DB37B4F00A1D17A /* Realm.framework in Frameworks */ = {isa = PBXBuildFile; fileRef = FC442D1D1DB37B4F00A1D17A /* Realm.framework */; };
		FC442D201DB37B4F00A1D17A /* RealmSwift.framework in Frameworks */ = {isa = PBXBuildFile; fileRef = FC442D1E1DB37B4F00A1D17A /* RealmSwift.framework */; };
		FC49B56F1DBE188600DBE012 /* FontAwesome.framework in Frameworks */ = {isa = PBXBuildFile; fileRef = FC49B56E1DBE188600DBE012 /* FontAwesome.framework */; };
		FC5038EF1DA7B58D00D5BC81 /* KeychainAccess.framework in Frameworks */ = {isa = PBXBuildFile; fileRef = FC5038EE1DA7B58D00D5BC81 /* KeychainAccess.framework */; };
		FC5038F11DA7BEA200D5BC81 /* AccountRegistrationViewController.swift in Sources */ = {isa = PBXBuildFile; fileRef = FC5038F01DA7BEA200D5BC81 /* AccountRegistrationViewController.swift */; };
		FC5038F31DA8CC1C00D5BC81 /* Dollar.framework in Frameworks */ = {isa = PBXBuildFile; fileRef = FC5038F21DA8CC1C00D5BC81 /* Dollar.framework */; };
		FC5A71CC1DA6502E00F58C4A /* RegistrationViewController.swift in Sources */ = {isa = PBXBuildFile; fileRef = FC5A71CB1DA6502E00F58C4A /* RegistrationViewController.swift */; };
		FC5A71CF1DA65EEE00F58C4A /* Alamofire.framework in Frameworks */ = {isa = PBXBuildFile; fileRef = FC5A71CE1DA65EEE00F58C4A /* Alamofire.framework */; };
		FC5A71D21DA65F0A00F58C4A /* ObjectMapper.framework in Frameworks */ = {isa = PBXBuildFile; fileRef = FC5A71D01DA65F0A00F58C4A /* ObjectMapper.framework */; };
		FC5A71D31DA65F0A00F58C4A /* SwiftyJSON.framework in Frameworks */ = {isa = PBXBuildFile; fileRef = FC5A71D11DA65F0A00F58C4A /* SwiftyJSON.framework */; };
		FC5CF36C1DB4EE0100BBF3BA /* Session.swift in Sources */ = {isa = PBXBuildFile; fileRef = FC5CF36B1DB4EE0100BBF3BA /* Session.swift */; };
		FC61CDED1DB4DA7C00015239 /* SessionHelper.swift in Sources */ = {isa = PBXBuildFile; fileRef = FC61CDEC1DB4DA7C00015239 /* SessionHelper.swift */; };
/* End PBXBuildFile section */

/* Begin PBXFileReference section */
		2404BE1C1DBA33DF00D57AF4 /* User.swift */ = {isa = PBXFileReference; fileEncoding = 4; lastKnownFileType = sourcecode.swift; path = User.swift; sourceTree = "<group>"; };
		241D92C71DBF75600012F66A /* UIImageView+.swift */ = {isa = PBXFileReference; fileEncoding = 4; lastKnownFileType = sourcecode.swift; path = "UIImageView+.swift"; sourceTree = "<group>"; };
		242FC0871DA64D8D008B23AB /* Bolts.framework */ = {isa = PBXFileReference; lastKnownFileType = wrapper.framework; name = Bolts.framework; path = Carthage/Build/iOS/Bolts.framework; sourceTree = "<group>"; };
		242FC0881DA64D8D008B23AB /* FacebookCore.framework */ = {isa = PBXFileReference; lastKnownFileType = wrapper.framework; name = FacebookCore.framework; path = Carthage/Build/iOS/FacebookCore.framework; sourceTree = "<group>"; };
		242FC0891DA64D8D008B23AB /* FacebookLogin.framework */ = {isa = PBXFileReference; lastKnownFileType = wrapper.framework; name = FacebookLogin.framework; path = Carthage/Build/iOS/FacebookLogin.framework; sourceTree = "<group>"; };
		242FC08D1DA64F8E008B23AB /* FBSDKCoreKit.framework */ = {isa = PBXFileReference; lastKnownFileType = wrapper.framework; name = FBSDKCoreKit.framework; path = Carthage/Build/iOS/FBSDKCoreKit.framework; sourceTree = "<group>"; };
		242FC0901DA65071008B23AB /* FBSDKLoginKit.framework */ = {isa = PBXFileReference; lastKnownFileType = wrapper.framework; name = FBSDKLoginKit.framework; path = Carthage/Build/iOS/FBSDKLoginKit.framework; sourceTree = "<group>"; };
		242FC0941DA65337008B23AB /* .keep */ = {isa = PBXFileReference; fileEncoding = 4; lastKnownFileType = text; path = .keep; sourceTree = "<group>"; };
		242FC0961DA66698008B23AB /* SnapKit.framework */ = {isa = PBXFileReference; lastKnownFileType = wrapper.framework; name = SnapKit.framework; path = Carthage/Build/iOS/SnapKit.framework; sourceTree = "<group>"; };
		242FC0981DA7CA8F008B23AB /* UniqueNameRegistrationViewController.swift */ = {isa = PBXFileReference; fileEncoding = 4; lastKnownFileType = sourcecode.swift; path = UniqueNameRegistrationViewController.swift; sourceTree = "<group>"; };
		246BD52C1DBE2F630033C92A /* PostCollectionViewCell.swift */ = {isa = PBXFileReference; fileEncoding = 4; lastKnownFileType = sourcecode.swift; path = PostCollectionViewCell.swift; sourceTree = "<group>"; };
		246BD52E1DBE33CB0033C92A /* UICollectionView+.swift */ = {isa = PBXFileReference; fileEncoding = 4; lastKnownFileType = sourcecode.swift; path = "UICollectionView+.swift"; sourceTree = "<group>"; };
		2472C7451DBCAEE700094B28 /* Realm+.swift */ = {isa = PBXFileReference; fileEncoding = 4; lastKnownFileType = sourcecode.swift; path = "Realm+.swift"; sourceTree = "<group>"; };
		2472C7491DBCB8FF00094B28 /* RealmHelper.swift */ = {isa = PBXFileReference; fileEncoding = 4; lastKnownFileType = sourcecode.swift; path = RealmHelper.swift; sourceTree = "<group>"; };
		2472C74B1DBCBB8500094B28 /* SessionSaver.swift */ = {isa = PBXFileReference; fileEncoding = 4; lastKnownFileType = sourcecode.swift; path = SessionSaver.swift; sourceTree = "<group>"; };
		2472C74E1DBCC3D500094B28 /* UserViewController.swift */ = {isa = PBXFileReference; fileEncoding = 4; lastKnownFileType = sourcecode.swift; path = UserViewController.swift; sourceTree = "<group>"; };
		2472C7501DBCD5D100094B28 /* StoryBoardInstantiatable.swift */ = {isa = PBXFileReference; fileEncoding = 4; lastKnownFileType = sourcecode.swift; name = StoryBoardInstantiatable.swift; path = ../Protocols/StoryBoardInstantiatable.swift; sourceTree = "<group>"; };
		24814CD21DBA1DD1006A9840 /* PagingMenuController.framework */ = {isa = PBXFileReference; lastKnownFileType = wrapper.framework; name = PagingMenuController.framework; path = Carthage/Build/iOS/PagingMenuController.framework; sourceTree = "<group>"; };
		2491A8791DA10DA500C552EB /* Nogistagram.app */ = {isa = PBXFileReference; explicitFileType = wrapper.application; includeInIndex = 0; path = Nogistagram.app; sourceTree = BUILT_PRODUCTS_DIR; };
		2491A87C1DA10DA500C552EB /* AppDelegate.swift */ = {isa = PBXFileReference; lastKnownFileType = sourcecode.swift; path = AppDelegate.swift; sourceTree = "<group>"; };
		2491A8811DA10DA500C552EB /* Base */ = {isa = PBXFileReference; lastKnownFileType = file.storyboard; name = Base; path = Base.lproj/Login.storyboard; sourceTree = "<group>"; };
		2491A8831DA10DA500C552EB /* Assets.xcassets */ = {isa = PBXFileReference; lastKnownFileType = folder.assetcatalog; path = Assets.xcassets; sourceTree = "<group>"; };
		2491A8861DA10DA500C552EB /* Base */ = {isa = PBXFileReference; lastKnownFileType = file.storyboard; name = Base; path = Base.lproj/LaunchScreen.storyboard; sourceTree = "<group>"; };
		2491A8881DA10DA500C552EB /* Info.plist */ = {isa = PBXFileReference; lastKnownFileType = text.plist.xml; path = Info.plist; sourceTree = "<group>"; };
		24C97B241DB103C5001488A2 /* FSAlbumView.xib */ = {isa = PBXFileReference; fileEncoding = 4; lastKnownFileType = file.xib; path = FSAlbumView.xib; sourceTree = "<group>"; };
		24C97B261DB103CE001488A2 /* FSAlbumView.swift */ = {isa = PBXFileReference; fileEncoding = 4; lastKnownFileType = sourcecode.swift; path = FSAlbumView.swift; sourceTree = "<group>"; };
		24C97B281DB103E2001488A2 /* FSAlbumViewCell.swift */ = {isa = PBXFileReference; fileEncoding = 4; lastKnownFileType = sourcecode.swift; path = FSAlbumViewCell.swift; sourceTree = "<group>"; };
		24C97B291DB103E2001488A2 /* FSAlbumViewCell.xib */ = {isa = PBXFileReference; fileEncoding = 4; lastKnownFileType = file.xib; path = FSAlbumViewCell.xib; sourceTree = "<group>"; };
		24C97B2A1DB103E2001488A2 /* FSCameraView.swift */ = {isa = PBXFileReference; fileEncoding = 4; lastKnownFileType = sourcecode.swift; path = FSCameraView.swift; sourceTree = "<group>"; };
		24C97B2B1DB103E2001488A2 /* FSCameraView.xib */ = {isa = PBXFileReference; fileEncoding = 4; lastKnownFileType = file.xib; path = FSCameraView.xib; sourceTree = "<group>"; };
		24C97B2C1DB103E2001488A2 /* FSConstants.swift */ = {isa = PBXFileReference; fileEncoding = 4; lastKnownFileType = sourcecode.swift; path = FSConstants.swift; sourceTree = "<group>"; };
		24C97B2D1DB103E2001488A2 /* FSImageCropView.swift */ = {isa = PBXFileReference; fileEncoding = 4; lastKnownFileType = sourcecode.swift; path = FSImageCropView.swift; sourceTree = "<group>"; };
		24C97B2E1DB103E2001488A2 /* FSVideoCameraView.swift */ = {isa = PBXFileReference; fileEncoding = 4; lastKnownFileType = sourcecode.swift; path = FSVideoCameraView.swift; sourceTree = "<group>"; };
		24C97B2F1DB103E2001488A2 /* FSVideoCameraView.xib */ = {isa = PBXFileReference; fileEncoding = 4; lastKnownFileType = file.xib; path = FSVideoCameraView.xib; sourceTree = "<group>"; };
		24C97B3A1DB10499001488A2 /* FusumaViewController.swift */ = {isa = PBXFileReference; fileEncoding = 4; lastKnownFileType = sourcecode.swift; path = FusumaViewController.swift; sourceTree = "<group>"; };
		24C97B3B1DB10499001488A2 /* FusumaViewController.xib */ = {isa = PBXFileReference; fileEncoding = 4; lastKnownFileType = file.xib; path = FusumaViewController.xib; sourceTree = "<group>"; };
		24C97B3F1DB4E0F8001488A2 /* CustomFusumaViewController.swift */ = {isa = PBXFileReference; fileEncoding = 4; lastKnownFileType = sourcecode.swift; path = CustomFusumaViewController.swift; sourceTree = "<group>"; };
		24C97B411DB64DFD001488A2 /* PostTableViewCell.swift */ = {isa = PBXFileReference; fileEncoding = 4; lastKnownFileType = sourcecode.swift; path = PostTableViewCell.swift; sourceTree = "<group>"; };
		24C97B431DB64FAA001488A2 /* Post.swift */ = {isa = PBXFileReference; fileEncoding = 4; lastKnownFileType = sourcecode.swift; path = Post.swift; sourceTree = "<group>"; };
		24C97B451DB659DC001488A2 /* Kingfisher.framework */ = {isa = PBXFileReference; lastKnownFileType = wrapper.framework; name = Kingfisher.framework; path = Carthage/Build/iOS/Kingfisher.framework; sourceTree = "<group>"; };
		24C97B471DB90044001488A2 /* ExploreViewController.swift */ = {isa = PBXFileReference; fileEncoding = 4; lastKnownFileType = sourcecode.swift; path = ExploreViewController.swift; sourceTree = "<group>"; };
		24C97B491DB90057001488A2 /* SearchViewController.swift */ = {isa = PBXFileReference; fileEncoding = 4; lastKnownFileType = sourcecode.swift; path = SearchViewController.swift; sourceTree = "<group>"; };
		24C97B4D1DB90555001488A2 /* SeachResultTableViewController.swift */ = {isa = PBXFileReference; fileEncoding = 4; lastKnownFileType = sourcecode.swift; path = SeachResultTableViewController.swift; sourceTree = "<group>"; };
		24C97B521DB9067A001488A2 /* SearchResultTableViewCell.swift */ = {isa = PBXFileReference; fileEncoding = 4; lastKnownFileType = sourcecode.swift; path = SearchResultTableViewCell.swift; sourceTree = "<group>"; };
		24C97B531DB9067A001488A2 /* SearchResultTableViewCell.xib */ = {isa = PBXFileReference; fileEncoding = 4; lastKnownFileType = file.xib; path = SearchResultTableViewCell.xib; sourceTree = "<group>"; };
		24E26B921DA9EA5800AFA159 /* Constant.swift */ = {isa = PBXFileReference; fileEncoding = 4; lastKnownFileType = sourcecode.swift; path = Constant.swift; sourceTree = "<group>"; };
		24E26B941DAA0D6A00AFA159 /* Main.storyboard */ = {isa = PBXFileReference; fileEncoding = 4; lastKnownFileType = file.storyboard; path = Main.storyboard; sourceTree = "<group>"; };
		24E26B971DAA1C6100AFA159 /* FacebookLoginable.swift */ = {isa = PBXFileReference; fileEncoding = 4; lastKnownFileType = sourcecode.swift; path = FacebookLoginable.swift; sourceTree = "<group>"; };
		24E26B991DAA9B7000AFA159 /* SettingsTableViewController.swift */ = {isa = PBXFileReference; fileEncoding = 4; lastKnownFileType = sourcecode.swift; path = SettingsTableViewController.swift; sourceTree = "<group>"; };
		24E26B9B1DAFAB2400AFA159 /* NewPhotoViewController.swift */ = {isa = PBXFileReference; fileEncoding = 4; lastKnownFileType = sourcecode.swift; path = NewPhotoViewController.swift; sourceTree = "<group>"; };
		24E26B9F1DB0E9E500AFA159 /* NewPostDetailViewController.swift */ = {isa = PBXFileReference; fileEncoding = 4; lastKnownFileType = sourcecode.swift; path = NewPostDetailViewController.swift; sourceTree = "<group>"; };
		24E26BA01DB0E9E500AFA159 /* NewPostDetailViewController.xib */ = {isa = PBXFileReference; fileEncoding = 4; lastKnownFileType = file.xib; path = NewPostDetailViewController.xib; sourceTree = "<group>"; };
		24E26BA41DB0F25800AFA159 /* NSObject+.swift */ = {isa = PBXFileReference; fileEncoding = 4; lastKnownFileType = sourcecode.swift; path = "NSObject+.swift"; sourceTree = "<group>"; };
		24E26BA61DB0F43300AFA159 /* NibInstantiatable.swift */ = {isa = PBXFileReference; fileEncoding = 4; lastKnownFileType = sourcecode.swift; path = NibInstantiatable.swift; sourceTree = "<group>"; };
		FC0966741DA272D400433A4C /* .keep */ = {isa = PBXFileReference; fileEncoding = 4; lastKnownFileType = text; path = .keep; sourceTree = "<group>"; };
		FC09667B1DA2751800433A4C /* .keep */ = {isa = PBXFileReference; fileEncoding = 4; lastKnownFileType = text; path = .keep; sourceTree = "<group>"; };
		FC09667D1DA2754F00433A4C /* .keep */ = {isa = PBXFileReference; fileEncoding = 4; lastKnownFileType = text; path = .keep; sourceTree = "<group>"; };
		FC09667F1DA27B2D00433A4C /* LoginViewController.swift */ = {isa = PBXFileReference; fileEncoding = 4; lastKnownFileType = sourcecode.swift; path = LoginViewController.swift; sourceTree = "<group>"; };
		FC0D23E61DC6301400BE360A /* CommentTableViewController.swift */ = {isa = PBXFileReference; fileEncoding = 4; lastKnownFileType = sourcecode.swift; path = CommentTableViewController.swift; sourceTree = "<group>"; };
		FC2C04111DBA1FF700359E79 /* PlaceHolderTextView.swift */ = {isa = PBXFileReference; fileEncoding = 4; lastKnownFileType = sourcecode.swift; path = PlaceHolderTextView.swift; sourceTree = "<group>"; };
		FC3582191DAA1E6900F7983E /* Regexp.swift */ = {isa = PBXFileReference; fileEncoding = 4; lastKnownFileType = sourcecode.swift; path = Regexp.swift; sourceTree = "<group>"; };
		FC35821B1DAA246E00F7983E /* RegistrationViewModel.swift */ = {isa = PBXFileReference; fileEncoding = 4; lastKnownFileType = sourcecode.swift; path = RegistrationViewModel.swift; sourceTree = "<group>"; };
		FC35821D1DAA358B00F7983E /* RxSwift.framework */ = {isa = PBXFileReference; lastKnownFileType = wrapper.framework; name = RxSwift.framework; path = Carthage/Build/iOS/RxSwift.framework; sourceTree = "<group>"; };
		FC35821F1DAA368800F7983E /* RxCocoa.framework */ = {isa = PBXFileReference; lastKnownFileType = wrapper.framework; name = RxCocoa.framework; path = Carthage/Build/iOS/RxCocoa.framework; sourceTree = "<group>"; };
		FC3582211DAB82F200F7983E /* LoginViewModel.swift */ = {isa = PBXFileReference; fileEncoding = 4; lastKnownFileType = sourcecode.swift; path = LoginViewModel.swift; sourceTree = "<group>"; };
		FC442D1B1DB35F0900A1D17A /* HomeTableViewController.swift */ = {isa = PBXFileReference; fileEncoding = 4; lastKnownFileType = sourcecode.swift; path = HomeTableViewController.swift; sourceTree = "<group>"; };
		FC442D1D1DB37B4F00A1D17A /* Realm.framework */ = {isa = PBXFileReference; lastKnownFileType = wrapper.framework; name = Realm.framework; path = Carthage/Build/iOS/Realm.framework; sourceTree = "<group>"; };
		FC442D1E1DB37B4F00A1D17A /* RealmSwift.framework */ = {isa = PBXFileReference; lastKnownFileType = wrapper.framework; name = RealmSwift.framework; path = Carthage/Build/iOS/RealmSwift.framework; sourceTree = "<group>"; };
		FC49B56E1DBE188600DBE012 /* FontAwesome.framework */ = {isa = PBXFileReference; lastKnownFileType = wrapper.framework; name = FontAwesome.framework; path = Carthage/Build/iOS/FontAwesome.framework; sourceTree = "<group>"; };
		FC5038EE1DA7B58D00D5BC81 /* KeychainAccess.framework */ = {isa = PBXFileReference; lastKnownFileType = wrapper.framework; name = KeychainAccess.framework; path = Carthage/Build/iOS/KeychainAccess.framework; sourceTree = "<group>"; };
		FC5038F01DA7BEA200D5BC81 /* AccountRegistrationViewController.swift */ = {isa = PBXFileReference; fileEncoding = 4; lastKnownFileType = sourcecode.swift; path = AccountRegistrationViewController.swift; sourceTree = "<group>"; };
		FC5038F21DA8CC1C00D5BC81 /* Dollar.framework */ = {isa = PBXFileReference; lastKnownFileType = wrapper.framework; name = Dollar.framework; path = Carthage/Build/iOS/Dollar.framework; sourceTree = "<group>"; };
		FC5038F41DA9FDBC00D5BC81 /* Nogistagram.entitlements */ = {isa = PBXFileReference; fileEncoding = 4; lastKnownFileType = text.plist.entitlements; path = Nogistagram.entitlements; sourceTree = "<group>"; };
		FC5A71CB1DA6502E00F58C4A /* RegistrationViewController.swift */ = {isa = PBXFileReference; fileEncoding = 4; lastKnownFileType = sourcecode.swift; path = RegistrationViewController.swift; sourceTree = "<group>"; };
		FC5A71CE1DA65EEE00F58C4A /* Alamofire.framework */ = {isa = PBXFileReference; lastKnownFileType = wrapper.framework; name = Alamofire.framework; path = Carthage/Build/iOS/Alamofire.framework; sourceTree = "<group>"; };
		FC5A71D01DA65F0A00F58C4A /* ObjectMapper.framework */ = {isa = PBXFileReference; lastKnownFileType = wrapper.framework; name = ObjectMapper.framework; path = Carthage/Build/iOS/ObjectMapper.framework; sourceTree = "<group>"; };
		FC5A71D11DA65F0A00F58C4A /* SwiftyJSON.framework */ = {isa = PBXFileReference; lastKnownFileType = wrapper.framework; name = SwiftyJSON.framework; path = Carthage/Build/iOS/SwiftyJSON.framework; sourceTree = "<group>"; };
		FC5CF36B1DB4EE0100BBF3BA /* Session.swift */ = {isa = PBXFileReference; fileEncoding = 4; lastKnownFileType = sourcecode.swift; path = Session.swift; sourceTree = "<group>"; };
		FC61CDEC1DB4DA7C00015239 /* SessionHelper.swift */ = {isa = PBXFileReference; fileEncoding = 4; lastKnownFileType = sourcecode.swift; path = SessionHelper.swift; sourceTree = "<group>"; };
/* End PBXFileReference section */

/* Begin PBXFrameworksBuildPhase section */
		2491A8761DA10DA500C552EB /* Frameworks */ = {
			isa = PBXFrameworksBuildPhase;
			buildActionMask = 2147483647;
			files = (
				FC49B56F1DBE188600DBE012 /* FontAwesome.framework in Frameworks */,
				24814CD31DBA1DD1006A9840 /* PagingMenuController.framework in Frameworks */,
				24C97B461DB659DC001488A2 /* Kingfisher.framework in Frameworks */,
				FC442D1F1DB37B4F00A1D17A /* Realm.framework in Frameworks */,
				FC442D201DB37B4F00A1D17A /* RealmSwift.framework in Frameworks */,
				FC3582201DAA368800F7983E /* RxCocoa.framework in Frameworks */,
				FC35821E1DAA358B00F7983E /* RxSwift.framework in Frameworks */,
				FC5038F31DA8CC1C00D5BC81 /* Dollar.framework in Frameworks */,
				FC5038EF1DA7B58D00D5BC81 /* KeychainAccess.framework in Frameworks */,
				242FC0971DA66698008B23AB /* SnapKit.framework in Frameworks */,
				242FC0911DA65071008B23AB /* FBSDKLoginKit.framework in Frameworks */,
				242FC08E1DA64F8E008B23AB /* FBSDKCoreKit.framework in Frameworks */,
				242FC08A1DA64D8D008B23AB /* Bolts.framework in Frameworks */,
				242FC08B1DA64D8D008B23AB /* FacebookCore.framework in Frameworks */,
				242FC08C1DA64D8D008B23AB /* FacebookLogin.framework in Frameworks */,
				FC5A71D21DA65F0A00F58C4A /* ObjectMapper.framework in Frameworks */,
				FC5A71D31DA65F0A00F58C4A /* SwiftyJSON.framework in Frameworks */,
				FC5A71CF1DA65EEE00F58C4A /* Alamofire.framework in Frameworks */,
			);
			runOnlyForDeploymentPostprocessing = 0;
		};
/* End PBXFrameworksBuildPhase section */

/* Begin PBXGroup section */
		242FC0861DA64D8D008B23AB /* Frameworks */ = {
			isa = PBXGroup;
			children = (
				FC49B56E1DBE188600DBE012 /* FontAwesome.framework */,
				24814CD21DBA1DD1006A9840 /* PagingMenuController.framework */,
				24C97B451DB659DC001488A2 /* Kingfisher.framework */,
				FC442D1D1DB37B4F00A1D17A /* Realm.framework */,
				FC442D1E1DB37B4F00A1D17A /* RealmSwift.framework */,
				FC35821F1DAA368800F7983E /* RxCocoa.framework */,
				FC35821D1DAA358B00F7983E /* RxSwift.framework */,
				FC5038F21DA8CC1C00D5BC81 /* Dollar.framework */,
				FC5038EE1DA7B58D00D5BC81 /* KeychainAccess.framework */,
				242FC0961DA66698008B23AB /* SnapKit.framework */,
				242FC0901DA65071008B23AB /* FBSDKLoginKit.framework */,
				242FC08D1DA64F8E008B23AB /* FBSDKCoreKit.framework */,
				242FC0871DA64D8D008B23AB /* Bolts.framework */,
				242FC0881DA64D8D008B23AB /* FacebookCore.framework */,
				242FC0891DA64D8D008B23AB /* FacebookLogin.framework */,
			);
			name = Frameworks;
			sourceTree = "<group>";
		};
		2491A8701DA10DA400C552EB = {
			isa = PBXGroup;
			children = (
				242FC0861DA64D8D008B23AB /* Frameworks */,
				FC5A71CD1DA65EEE00F58C4A /* Frameworks */,
				2491A87B1DA10DA500C552EB /* Nogistagram */,
				2491A87A1DA10DA500C552EB /* Products */,
			);
			sourceTree = "<group>";
		};
		2491A87A1DA10DA500C552EB /* Products */ = {
			isa = PBXGroup;
			children = (
				2491A8791DA10DA500C552EB /* Nogistagram.app */,
			);
			name = Products;
			sourceTree = "<group>";
		};
		2491A87B1DA10DA500C552EB /* Nogistagram */ = {
			isa = PBXGroup;
			children = (
				24E26BA31DB0F1F300AFA159 /* Extension */,
				FC3582181DAA1E3000F7983E /* Helpers */,
				24E26BAA1DB1017500AFA159 /* Lib */,
				FC0966761DA2745900433A4C /* Models */,
				24E26B961DAA1C2400AFA159 /* Protocols */,
				FC0966771DA2746000433A4C /* ViewControllers */,
				FC0966781DA274A700433A4C /* ViewModels */,
				FC0966731DA26CD900433A4C /* Views */,
				2491A87C1DA10DA500C552EB /* AppDelegate.swift */,
				2491A8831DA10DA500C552EB /* Assets.xcassets */,
				24E26B921DA9EA5800AFA159 /* Constant.swift */,
				2491A8881DA10DA500C552EB /* Info.plist */,
				2491A8851DA10DA500C552EB /* LaunchScreen.storyboard */,
				2491A8801DA10DA500C552EB /* Login.storyboard */,
				24E26B941DAA0D6A00AFA159 /* Main.storyboard */,
				FC5038F41DA9FDBC00D5BC81 /* Nogistagram.entitlements */,
			);
			path = Nogistagram;
			sourceTree = "<group>";
		};
		24E26B961DAA1C2400AFA159 /* Protocols */ = {
			isa = PBXGroup;
			children = (
				24E26B971DAA1C6100AFA159 /* FacebookLoginable.swift */,
				2472C74B1DBCBB8500094B28 /* SessionSaver.swift */,
			);
			path = Protocols;
			sourceTree = "<group>";
		};
		24E26BA31DB0F1F300AFA159 /* Extension */ = {
			isa = PBXGroup;
			children = (
				24E26BA41DB0F25800AFA159 /* NSObject+.swift */,
				24E26BA61DB0F43300AFA159 /* NibInstantiatable.swift */,
				2472C7451DBCAEE700094B28 /* Realm+.swift */,
				2472C7501DBCD5D100094B28 /* StoryBoardInstantiatable.swift */,
				246BD52E1DBE33CB0033C92A /* UICollectionView+.swift */,
				241D92C71DBF75600012F66A /* UIImageView+.swift */,
			);
			path = Extension;
			sourceTree = "<group>";
		};
		24E26BAA1DB1017500AFA159 /* Lib */ = {
			isa = PBXGroup;
			children = (
				24E26BAB1DB1018700AFA159 /* CustomFusuma */,
			);
			path = Lib;
			sourceTree = "<group>";
		};
		24E26BAB1DB1018700AFA159 /* CustomFusuma */ = {
			isa = PBXGroup;
			children = (
				24C97B261DB103CE001488A2 /* FSAlbumView.swift */,
				24C97B241DB103C5001488A2 /* FSAlbumView.xib */,
				24C97B281DB103E2001488A2 /* FSAlbumViewCell.swift */,
				24C97B291DB103E2001488A2 /* FSAlbumViewCell.xib */,
				24C97B2A1DB103E2001488A2 /* FSCameraView.swift */,
				24C97B2B1DB103E2001488A2 /* FSCameraView.xib */,
				24C97B2C1DB103E2001488A2 /* FSConstants.swift */,
				24C97B2D1DB103E2001488A2 /* FSImageCropView.swift */,
				24C97B2E1DB103E2001488A2 /* FSVideoCameraView.swift */,
				24C97B2F1DB103E2001488A2 /* FSVideoCameraView.xib */,
				24C97B3A1DB10499001488A2 /* FusumaViewController.swift */,
				24C97B3B1DB10499001488A2 /* FusumaViewController.xib */,
			);
			path = CustomFusuma;
			sourceTree = "<group>";
		};
		FC0966731DA26CD900433A4C /* Views */ = {
			isa = PBXGroup;
			children = (
				FC0966741DA272D400433A4C /* .keep */,
				24E26BA01DB0E9E500AFA159 /* NewPostDetailViewController.xib */,
				FC2C04111DBA1FF700359E79 /* PlaceHolderTextView.swift */,
				24C97B411DB64DFD001488A2 /* PostTableViewCell.swift */,
				24C97B521DB9067A001488A2 /* SearchResultTableViewCell.swift */,
				24C97B531DB9067A001488A2 /* SearchResultTableViewCell.xib */,
				246BD52C1DBE2F630033C92A /* PostCollectionViewCell.swift */,
			);
			path = Views;
			sourceTree = "<group>";
		};
		FC0966761DA2745900433A4C /* Models */ = {
			isa = PBXGroup;
			children = (
				242FC0941DA65337008B23AB /* .keep */,
				24C97B431DB64FAA001488A2 /* Post.swift */,
				FC5CF36B1DB4EE0100BBF3BA /* Session.swift */,
				2404BE1C1DBA33DF00D57AF4 /* User.swift */,
			);
			path = Models;
			sourceTree = "<group>";
		};
		FC0966771DA2746000433A4C /* ViewControllers */ = {
			isa = PBXGroup;
			children = (
				FC09667B1DA2751800433A4C /* .keep */,
				FC5038F01DA7BEA200D5BC81 /* AccountRegistrationViewController.swift */,
				24C97B3F1DB4E0F8001488A2 /* CustomFusumaViewController.swift */,
				24C97B471DB90044001488A2 /* ExploreViewController.swift */,
				FC442D1B1DB35F0900A1D17A /* HomeTableViewController.swift */,
				FC09667F1DA27B2D00433A4C /* LoginViewController.swift */,
				24E26B9B1DAFAB2400AFA159 /* NewPhotoViewController.swift */,
				24E26B9F1DB0E9E500AFA159 /* NewPostDetailViewController.swift */,
				FC5A71CB1DA6502E00F58C4A /* RegistrationViewController.swift */,
				24C97B4D1DB90555001488A2 /* SeachResultTableViewController.swift */,
				24C97B491DB90057001488A2 /* SearchViewController.swift */,
				24E26B991DAA9B7000AFA159 /* SettingsTableViewController.swift */,
				242FC0981DA7CA8F008B23AB /* UniqueNameRegistrationViewController.swift */,
				2472C74E1DBCC3D500094B28 /* UserViewController.swift */,
				FC0D23E61DC6301400BE360A /* CommentTableViewController.swift */,
			);
			path = ViewControllers;
			sourceTree = "<group>";
		};
		FC0966781DA274A700433A4C /* ViewModels */ = {
			isa = PBXGroup;
			children = (
				FC09667D1DA2754F00433A4C /* .keep */,
				FC3582211DAB82F200F7983E /* LoginViewModel.swift */,
				FC35821B1DAA246E00F7983E /* RegistrationViewModel.swift */,
			);
			path = ViewModels;
			sourceTree = "<group>";
		};
		FC3582181DAA1E3000F7983E /* Helpers */ = {
			isa = PBXGroup;
			children = (
				FC3582191DAA1E6900F7983E /* Regexp.swift */,
				FC61CDEC1DB4DA7C00015239 /* SessionHelper.swift */,
				2472C7491DBCB8FF00094B28 /* RealmHelper.swift */,
			);
			path = Helpers;
			sourceTree = "<group>";
		};
		FC5A71CD1DA65EEE00F58C4A /* Frameworks */ = {
			isa = PBXGroup;
			children = (
				FC5A71D01DA65F0A00F58C4A /* ObjectMapper.framework */,
				FC5A71D11DA65F0A00F58C4A /* SwiftyJSON.framework */,
				FC5A71CE1DA65EEE00F58C4A /* Alamofire.framework */,
			);
			name = Frameworks;
			sourceTree = "<group>";
		};
/* End PBXGroup section */

/* Begin PBXHeadersBuildPhase section */
		24C97B781DB91F5D001488A2 /* Headers */ = {
			isa = PBXHeadersBuildPhase;
			buildActionMask = 2147483647;
			files = (
			);
			runOnlyForDeploymentPostprocessing = 0;
		};
/* End PBXHeadersBuildPhase section */

/* Begin PBXNativeTarget section */
		2491A8781DA10DA500C552EB /* Nogistagram */ = {
			isa = PBXNativeTarget;
			buildConfigurationList = 2491A88B1DA10DA500C552EB /* Build configuration list for PBXNativeTarget "Nogistagram" */;
			buildPhases = (
				2491A8751DA10DA500C552EB /* Sources */,
				2491A8761DA10DA500C552EB /* Frameworks */,
				2491A8771DA10DA500C552EB /* Resources */,
				242FC08F1DA64FA0008B23AB /* ShellScript */,
				24C97B781DB91F5D001488A2 /* Headers */,
			);
			buildRules = (
			);
			dependencies = (
			);
			name = Nogistagram;
			productName = Nogistagram;
			productReference = 2491A8791DA10DA500C552EB /* Nogistagram.app */;
			productType = "com.apple.product-type.application";
		};
/* End PBXNativeTarget section */

/* Begin PBXProject section */
		2491A8711DA10DA400C552EB /* Project object */ = {
			isa = PBXProject;
			attributes = {
				LastSwiftUpdateCheck = 0800;
				LastUpgradeCheck = 0800;
				ORGANIZATIONNAME = "村井謙太";
				TargetAttributes = {
					2491A8781DA10DA500C552EB = {
						CreatedOnToolsVersion = 8.0;
						DevelopmentTeam = GQXC5M8H66;
						ProvisioningStyle = Automatic;
					};
				};
			};
			buildConfigurationList = 2491A8741DA10DA400C552EB /* Build configuration list for PBXProject "Nogistagram" */;
			compatibilityVersion = "Xcode 3.2";
			developmentRegion = English;
			hasScannedForEncodings = 0;
			knownRegions = (
				en,
				Base,
			);
			mainGroup = 2491A8701DA10DA400C552EB;
			productRefGroup = 2491A87A1DA10DA500C552EB /* Products */;
			projectDirPath = "";
			projectRoot = "";
			targets = (
				2491A8781DA10DA500C552EB /* Nogistagram */,
			);
		};
/* End PBXProject section */

/* Begin PBXResourcesBuildPhase section */
		2491A8771DA10DA500C552EB /* Resources */ = {
			isa = PBXResourcesBuildPhase;
			buildActionMask = 2147483647;
			files = (
				FC09667C1DA2751800433A4C /* .keep in Resources */,
				FC0966751DA272D400433A4C /* .keep in Resources */,
				24C97B371DB103E2001488A2 /* FSVideoCameraView.xib in Resources */,
				24E26BA21DB0E9E500AFA159 /* NewPostDetailViewController.xib in Resources */,
				2491A8871DA10DA500C552EB /* LaunchScreen.storyboard in Resources */,
				24C97B551DB9067A001488A2 /* SearchResultTableViewCell.xib in Resources */,
				24E26B951DAA0D6A00AFA159 /* Main.storyboard in Resources */,
				24C97B251DB103C5001488A2 /* FSAlbumView.xib in Resources */,
				24C97B331DB103E2001488A2 /* FSCameraView.xib in Resources */,
				2491A8841DA10DA500C552EB /* Assets.xcassets in Resources */,
				2491A8821DA10DA500C552EB /* Login.storyboard in Resources */,
				FC09667E1DA2754F00433A4C /* .keep in Resources */,
				242FC0951DA65337008B23AB /* .keep in Resources */,
				24C97B311DB103E2001488A2 /* FSAlbumViewCell.xib in Resources */,
				24C97B3D1DB1049A001488A2 /* FusumaViewController.xib in Resources */,
			);
			runOnlyForDeploymentPostprocessing = 0;
		};
/* End PBXResourcesBuildPhase section */

/* Begin PBXShellScriptBuildPhase section */
		242FC08F1DA64FA0008B23AB /* ShellScript */ = {
			isa = PBXShellScriptBuildPhase;
			buildActionMask = 2147483647;
			files = (
			);
			inputPaths = (
				"$(SRCROOT)/Carthage/Build/iOS/FacebookCore.framework",
				"$(SRCROOT)/Carthage/Build/iOS/FBSDKCoreKit.framework",
				"$(SRCROOT)/Carthage/Build/iOS/Bolts.framework",
				"$(SRCROOT)/Carthage/Build/iOS/FacebookLogin.framework",
				"$(SRCROOT)/Carthage/Build/iOS/FBSDKLoginKit.framework",
				"$(SRCROOT)/Carthage/Build/iOS/SnapKit.framework",
				"$(SRCROOT)/Carthage/Build/iOS/Alamofire.framework",
				"$(SRCROOT)/Carthage/Build/iOS/ObjectMapper.framework",
				"$(SRCROOT)/Carthage/Build/iOS/SwiftyJSON.framework",
				"$(SRCROOT)/Carthage/Build/iOS/KeychainAccess.framework",
				"$(SRCROOT)/Carthage/Build/iOS/Dollar.framework",
				"$(SRCROOT)/Carthage/Build/iOS/RxSwift.framework",
				"$(SRCROOT)/Carthage/Build/iOS/RxCocoa.framework",
				"$(SRCROOT)/Carthage/Build/iOS/Realm.framework",
				"$(SRCROOT)/Carthage/Build/iOS/RealmSwift.framework",
				"$(SRCROOT)/Carthage/Build/iOS/Kingfisher.framework",
				"$(SRCROOT)/Carthage/Build/iOS/PagingMenuController.framework",
				"$(SRCROOT)/Carthage/Build/iOS/FontAwesome.framework",
			);
			outputPaths = (
			);
			runOnlyForDeploymentPostprocessing = 0;
			shellPath = /bin/sh;
			shellScript = "/usr/local/bin/carthage copy-frameworks\ncodesign --verify --force --sign \"$CODE_SIGN_IDENTITY\" \"$CODESIGNING_FOLDER_PATH\"";
		};
/* End PBXShellScriptBuildPhase section */

/* Begin PBXSourcesBuildPhase section */
		2491A8751DA10DA500C552EB /* Sources */ = {
			isa = PBXSourcesBuildPhase;
			buildActionMask = 2147483647;
			files = (
				24C97B4A1DB90057001488A2 /* SearchViewController.swift in Sources */,
				24E26B981DAA1C6100AFA159 /* FacebookLoginable.swift in Sources */,
				24E26BA71DB0F43300AFA159 /* NibInstantiatable.swift in Sources */,
				24C97B271DB103CE001488A2 /* FSAlbumView.swift in Sources */,
				24C97B3C1DB10499001488A2 /* FusumaViewController.swift in Sources */,
				FC5A71CC1DA6502E00F58C4A /* RegistrationViewController.swift in Sources */,
				2472C7511DBCD5D100094B28 /* StoryBoardInstantiatable.swift in Sources */,
				FC0D23E71DC6301400BE360A /* CommentTableViewController.swift in Sources */,
				FC3582221DAB82F200F7983E /* LoginViewModel.swift in Sources */,
				24C97B481DB90044001488A2 /* ExploreViewController.swift in Sources */,
				FC35821A1DAA1E6900F7983E /* Regexp.swift in Sources */,
				246BD52F1DBE33CB0033C92A /* UICollectionView+.swift in Sources */,
				24C97B351DB103E2001488A2 /* FSImageCropView.swift in Sources */,
				24E26B931DA9EA5800AFA159 /* Constant.swift in Sources */,
				2472C74A1DBCB8FF00094B28 /* RealmHelper.swift in Sources */,
				FC5038F11DA7BEA200D5BC81 /* AccountRegistrationViewController.swift in Sources */,
				FC5CF36C1DB4EE0100BBF3BA /* Session.swift in Sources */,
				2472C7461DBCAEE700094B28 /* Realm+.swift in Sources */,
				24E26B9A1DAA9B7000AFA159 /* SettingsTableViewController.swift in Sources */,
				FC0966801DA27B2D00433A4C /* LoginViewController.swift in Sources */,
				FC61CDED1DB4DA7C00015239 /* SessionHelper.swift in Sources */,
				2472C74C1DBCBB8500094B28 /* SessionSaver.swift in Sources */,
				246BD52D1DBE2F630033C92A /* PostCollectionViewCell.swift in Sources */,
				FC442D1C1DB35F0900A1D17A /* HomeTableViewController.swift in Sources */,
				24C97B401DB4E0F8001488A2 /* CustomFusumaViewController.swift in Sources */,
				24C97B541DB9067A001488A2 /* SearchResultTableViewCell.swift in Sources */,
				2472C74F1DBCC3D500094B28 /* UserViewController.swift in Sources */,
				24C97B421DB64DFD001488A2 /* PostTableViewCell.swift in Sources */,
				24C97B4F1DB90555001488A2 /* SeachResultTableViewController.swift in Sources */,
				FC35821C1DAA246E00F7983E /* RegistrationViewModel.swift in Sources */,
				2491A87D1DA10DA500C552EB /* AppDelegate.swift in Sources */,
				241D92C81DBF75600012F66A /* UIImageView+.swift in Sources */,
				24E26BA51DB0F25800AFA159 /* NSObject+.swift in Sources */,
				24E26BA11DB0E9E500AFA159 /* NewPostDetailViewController.swift in Sources */,
				24C97B361DB103E2001488A2 /* FSVideoCameraView.swift in Sources */,
				FC2C04121DBA1FF700359E79 /* PlaceHolderTextView.swift in Sources */,
				24C97B321DB103E2001488A2 /* FSCameraView.swift in Sources */,
				24E26B9C1DAFAB2400AFA159 /* NewPhotoViewController.swift in Sources */,
				242FC0991DA7CA8F008B23AB /* UniqueNameRegistrationViewController.swift in Sources */,
				24C97B441DB64FAA001488A2 /* Post.swift in Sources */,
				24C97B341DB103E2001488A2 /* FSConstants.swift in Sources */,
				24C97B301DB103E2001488A2 /* FSAlbumViewCell.swift in Sources */,
				2404BE1D1DBA33DF00D57AF4 /* User.swift in Sources */,
			);
			runOnlyForDeploymentPostprocessing = 0;
		};
/* End PBXSourcesBuildPhase section */

/* Begin PBXVariantGroup section */
		2491A8801DA10DA500C552EB /* Login.storyboard */ = {
			isa = PBXVariantGroup;
			children = (
				2491A8811DA10DA500C552EB /* Base */,
			);
			name = Login.storyboard;
			path = .;
			sourceTree = "<group>";
		};
		2491A8851DA10DA500C552EB /* LaunchScreen.storyboard */ = {
			isa = PBXVariantGroup;
			children = (
				2491A8861DA10DA500C552EB /* Base */,
			);
			name = LaunchScreen.storyboard;
			path = .;
			sourceTree = "<group>";
		};
/* End PBXVariantGroup section */

/* Begin XCBuildConfiguration section */
		2491A8891DA10DA500C552EB /* Debug */ = {
			isa = XCBuildConfiguration;
			buildSettings = {
				ALWAYS_SEARCH_USER_PATHS = NO;
				CLANG_ANALYZER_NONNULL = YES;
				CLANG_CXX_LANGUAGE_STANDARD = "gnu++0x";
				CLANG_CXX_LIBRARY = "libc++";
				CLANG_ENABLE_MODULES = YES;
				CLANG_ENABLE_OBJC_ARC = YES;
				CLANG_WARN_BOOL_CONVERSION = YES;
				CLANG_WARN_CONSTANT_CONVERSION = YES;
				CLANG_WARN_DIRECT_OBJC_ISA_USAGE = YES_ERROR;
				CLANG_WARN_DOCUMENTATION_COMMENTS = YES;
				CLANG_WARN_EMPTY_BODY = YES;
				CLANG_WARN_ENUM_CONVERSION = YES;
				CLANG_WARN_INFINITE_RECURSION = YES;
				CLANG_WARN_INT_CONVERSION = YES;
				CLANG_WARN_OBJC_ROOT_CLASS = YES_ERROR;
				CLANG_WARN_SUSPICIOUS_MOVES = YES;
				CLANG_WARN_UNREACHABLE_CODE = YES;
				CLANG_WARN__DUPLICATE_METHOD_MATCH = YES;
				CODE_SIGN_ENTITLEMENTS = Nogistagram/Nogistagram.entitlements;
				"CODE_SIGN_IDENTITY[sdk=iphoneos*]" = "iPhone Developer";
				COPY_PHASE_STRIP = NO;
				DEBUG_INFORMATION_FORMAT = dwarf;
				ENABLE_STRICT_OBJC_MSGSEND = YES;
				ENABLE_TESTABILITY = YES;
				GCC_C_LANGUAGE_STANDARD = gnu99;
				GCC_DYNAMIC_NO_PIC = NO;
				GCC_NO_COMMON_BLOCKS = YES;
				GCC_OPTIMIZATION_LEVEL = 0;
				GCC_PREPROCESSOR_DEFINITIONS = (
					"DEBUG=1",
					"$(inherited)",
				);
				GCC_WARN_64_TO_32_BIT_CONVERSION = YES;
				GCC_WARN_ABOUT_RETURN_TYPE = YES_ERROR;
				GCC_WARN_UNDECLARED_SELECTOR = YES;
				GCC_WARN_UNINITIALIZED_AUTOS = YES_AGGRESSIVE;
				GCC_WARN_UNUSED_FUNCTION = YES;
				GCC_WARN_UNUSED_VARIABLE = YES;
				IPHONEOS_DEPLOYMENT_TARGET = 10.0;
				MTL_ENABLE_DEBUG_INFO = YES;
				ONLY_ACTIVE_ARCH = YES;
				SDKROOT = iphoneos;
				SWIFT_ACTIVE_COMPILATION_CONDITIONS = DEBUG;
				SWIFT_OPTIMIZATION_LEVEL = "-Onone";
				TARGETED_DEVICE_FAMILY = "1,2";
			};
			name = Debug;
		};
		2491A88A1DA10DA500C552EB /* Release */ = {
			isa = XCBuildConfiguration;
			buildSettings = {
				ALWAYS_SEARCH_USER_PATHS = NO;
				CLANG_ANALYZER_NONNULL = YES;
				CLANG_CXX_LANGUAGE_STANDARD = "gnu++0x";
				CLANG_CXX_LIBRARY = "libc++";
				CLANG_ENABLE_MODULES = YES;
				CLANG_ENABLE_OBJC_ARC = YES;
				CLANG_WARN_BOOL_CONVERSION = YES;
				CLANG_WARN_CONSTANT_CONVERSION = YES;
				CLANG_WARN_DIRECT_OBJC_ISA_USAGE = YES_ERROR;
				CLANG_WARN_DOCUMENTATION_COMMENTS = YES;
				CLANG_WARN_EMPTY_BODY = YES;
				CLANG_WARN_ENUM_CONVERSION = YES;
				CLANG_WARN_INFINITE_RECURSION = YES;
				CLANG_WARN_INT_CONVERSION = YES;
				CLANG_WARN_OBJC_ROOT_CLASS = YES_ERROR;
				CLANG_WARN_SUSPICIOUS_MOVES = YES;
				CLANG_WARN_UNREACHABLE_CODE = YES;
				CLANG_WARN__DUPLICATE_METHOD_MATCH = YES;
				CODE_SIGN_ENTITLEMENTS = Nogistagram/Nogistagram.entitlements;
				"CODE_SIGN_IDENTITY[sdk=iphoneos*]" = "iPhone Developer";
				COPY_PHASE_STRIP = NO;
				DEBUG_INFORMATION_FORMAT = "dwarf-with-dsym";
				ENABLE_NS_ASSERTIONS = NO;
				ENABLE_STRICT_OBJC_MSGSEND = YES;
				GCC_C_LANGUAGE_STANDARD = gnu99;
				GCC_NO_COMMON_BLOCKS = YES;
				GCC_WARN_64_TO_32_BIT_CONVERSION = YES;
				GCC_WARN_ABOUT_RETURN_TYPE = YES_ERROR;
				GCC_WARN_UNDECLARED_SELECTOR = YES;
				GCC_WARN_UNINITIALIZED_AUTOS = YES_AGGRESSIVE;
				GCC_WARN_UNUSED_FUNCTION = YES;
				GCC_WARN_UNUSED_VARIABLE = YES;
				IPHONEOS_DEPLOYMENT_TARGET = 10.0;
				MTL_ENABLE_DEBUG_INFO = NO;
				SDKROOT = iphoneos;
				SWIFT_OPTIMIZATION_LEVEL = "-Owholemodule";
				TARGETED_DEVICE_FAMILY = "1,2";
				VALIDATE_PRODUCT = YES;
			};
			name = Release;
		};
		2491A88C1DA10DA500C552EB /* Debug */ = {
			isa = XCBuildConfiguration;
			buildSettings = {
				ASSETCATALOG_COMPILER_APPICON_NAME = AppIcon;
				CLANG_ALLOW_NON_MODULAR_INCLUDES_IN_FRAMEWORK_MODULES = YES;
				DEVELOPMENT_TEAM = GQXC5M8H66;
				FRAMEWORK_SEARCH_PATHS = (
					"$(inherited)",
					"$(PROJECT_DIR)/Carthage/Build/iOS",
				);
				INFOPLIST_FILE = Nogistagram/Info.plist;
				IPHONEOS_DEPLOYMENT_TARGET = 9.3;
				LD_RUNPATH_SEARCH_PATHS = "$(inherited) @executable_path/Frameworks";
				PRODUCT_BUNDLE_IDENTIFIER = com.example.Nogistagram;
				PRODUCT_NAME = "$(TARGET_NAME)";
				SWIFT_VERSION = 3.0;
			};
			name = Debug;
		};
		2491A88D1DA10DA500C552EB /* Release */ = {
			isa = XCBuildConfiguration;
			buildSettings = {
				ASSETCATALOG_COMPILER_APPICON_NAME = AppIcon;
				CLANG_ALLOW_NON_MODULAR_INCLUDES_IN_FRAMEWORK_MODULES = YES;
				DEVELOPMENT_TEAM = GQXC5M8H66;
				FRAMEWORK_SEARCH_PATHS = (
					"$(inherited)",
					"$(PROJECT_DIR)/Carthage/Build/iOS",
				);
				INFOPLIST_FILE = Nogistagram/Info.plist;
				IPHONEOS_DEPLOYMENT_TARGET = 9.3;
				LD_RUNPATH_SEARCH_PATHS = "$(inherited) @executable_path/Frameworks";
				PRODUCT_BUNDLE_IDENTIFIER = com.example.Nogistagram;
				PRODUCT_NAME = "$(TARGET_NAME)";
				SWIFT_VERSION = 3.0;
			};
			name = Release;
		};
/* End XCBuildConfiguration section */

/* Begin XCConfigurationList section */
		2491A8741DA10DA400C552EB /* Build configuration list for PBXProject "Nogistagram" */ = {
			isa = XCConfigurationList;
			buildConfigurations = (
				2491A8891DA10DA500C552EB /* Debug */,
				2491A88A1DA10DA500C552EB /* Release */,
			);
			defaultConfigurationIsVisible = 0;
			defaultConfigurationName = Release;
		};
		2491A88B1DA10DA500C552EB /* Build configuration list for PBXNativeTarget "Nogistagram" */ = {
			isa = XCConfigurationList;
			buildConfigurations = (
				2491A88C1DA10DA500C552EB /* Debug */,
				2491A88D1DA10DA500C552EB /* Release */,
			);
			defaultConfigurationIsVisible = 0;
			defaultConfigurationName = Release;
		};
/* End XCConfigurationList section */
	};
	rootObject = 2491A8711DA10DA400C552EB /* Project object */;
}
